{
  "name": "resources",
  "version": "1.0.0",
  "lockfileVersion": 1,
  "requires": true,
  "dependencies": {
    "@uirouter/angularjs": {
      "version": "1.0.16",
      "resolved": "https://registry.npmjs.org/@uirouter/angularjs/-/angularjs-1.0.16.tgz",
      "integrity": "sha512-LqZ0YyVT4RzymKGGjECPbhlRYjD2XNMVm6hCE7SbPD6v492/QJL2nairrFumfUZIlwlut/1q9aEByyIbC5FSdQ==",
      "requires": {
        "@uirouter/core": "5.0.18"
      }
    },
    "@uirouter/core": {
      "version": "5.0.18",
      "resolved": "https://registry.npmjs.org/@uirouter/core/-/core-5.0.18.tgz",
      "integrity": "sha512-w2T2wYc6XEq7pkv3SFEXVq2IzuCrJytU21S/S9VggwOjnRHO712P+T+LLcSFLJJis2UE51mJXW9xBFSUmS3hhQ=="
    },
    "angular": {
      "version": "1.6.10",
      "resolved": "https://registry.npmjs.org/angular/-/angular-1.6.10.tgz",
      "integrity": "sha512-PCZ5/hVdvPQiYyH0VwsPjrErPHRcITnaXxhksceOXgtJeesKHLA7KDu4X/yvcAi+1zdGgGF+9pDxkJvghXI9Wg=="
    },
    "angular-resource": {
      "version": "1.6.10",
      "resolved": "https://registry.npmjs.org/angular-resource/-/angular-resource-1.6.10.tgz",
      "integrity": "sha512-jrYXUGPtpv/lTBlYZ6HZefIV6Lb+6e1HUavBPg9TSzW7s4zYRBWzMj6vMg8gZzVjWdH/nYBWfilV0qfnmZSI+A=="
    },
    "bootstrap": {
      "version": "4.1.1",
      "resolved": "https://registry.npmjs.org/bootstrap/-/bootstrap-4.1.1.tgz",
      "integrity": "sha512-SpiDSOcbg4J/PjVSt4ny5eY6j74VbVSjROY4Fb/WIUXBV9cnb5luyR4KnPvNoXuGnBK1T+nJIWqRsvU3yP8Mcg=="
    },
    "jquery": {
      "version": "3.3.1",
      "resolved": "https://registry.npmjs.org/jquery/-/jquery-3.3.1.tgz",
      "integrity": "sha512-Ubldcmxp5np52/ENotGxlLe6aGMvmF4R8S6tZjsP6Knsaxd/xp3Zrh50cG93lR6nPXyUFwzN3ZSOQI0wRJNdGg=="
    }
  }
}
